
Microsoft Visual Studio Solution File, Format Version 12.00
# Visual Studio Version 16
VisualStudioVersion = 16.0.29326.143
MinimumVisualStudioVersion = 10.0.40219.1
Project("{FAE04EC0-301F-11D3-BF4B-00C04F79EFBC}") = "DetectDokan", "DetectDokan\DetectDokan.csproj", "{96B7E4A0-23CF-4CCD-9D4C-25F6ED03B367}"
EndProject
Project("{2150E333-8FDC-42A3-9474-1A3956D46DE8}") = "Solution Items", "Solution Items", "{B6A0BFE8-ED6C-47A1-B6A2-338FF2E17F4F}"
	ProjectSection(SolutionItems) = preProject
		..\Readme.md = ..\Readme.md
	EndProjectSection
EndProject
Global
	GlobalSection(SolutionConfigurationPlatforms) = preSolution
		Debug|Any CPU = Debug|Any CPU
		Debug|x64 = Debug|x64
		Debug|x86 = Debug|x86
		Release|Any CPU = Release|Any CPU
		Release|x64 = Release|x64
		Release|x86 = Release|x86
	EndGlobalSection
	GlobalSection(ProjectConfigurationPlatforms) = postSolution
		{96B7E4A0-23CF-4CCD-9D4C-25F6ED03B367}.Debug|Any CPU.ActiveCfg = Debug|Any CPU
		{96B7E4A0-23CF-4CCD-9D4C-25F6ED03B367}.Debug|Any CPU.Build.0 = Debug|Any CPU
		{96B7E4A0-23CF-4CCD-9D4C-25F6ED03B367}.Debug|x64.ActiveCfg = Debug|x64
		{96B7E4A0-23CF-4CCD-9D4C-25F6ED03B367}.Debug|x64.Build.0 = Debug|x64
		{96B7E4A0-23CF-4CCD-9D4C-25F6ED03B367}.Debug|x86.ActiveCfg = Debug|x86
		{96B7E4A0-23CF-4CCD-9D4C-25F6ED03B367}.Debug|x86.Build.0 = Debug|x86
		{96B7E4A0-23CF-4CCD-9D4C-25F6ED03B367}.Release|Any CPU.ActiveCfg = Release|Any CPU
		{96B7E4A0-23CF-4CCD-9D4C-25F6ED03B367}.Release|Any CPU.Build.0 = Release|Any CPU
		{96B7E4A0-23CF-4CCD-9D4C-25F6ED03B367}.Release|x64.ActiveCfg = Release|x64
		{96B7E4A0-23CF-4CCD-9D4C-25F6ED03B367}.Release|x64.Build.0 = Release|x64
		{96B7E4A0-23CF-4CCD-9D4C-25F6ED03B367}.Release|x86.ActiveCfg = Release|x86
		{96B7E4A0-23CF-4CCD-9D4C-25F6ED03B367}.Release|x86.Build.0 = Release|x86
	EndGlobalSection
	GlobalSection(SolutionProperties) = preSolution
		HideSolutionNode = FALSE
	EndGlobalSection
	GlobalSection(ExtensibilityGlobals) = postSolution
		SolutionGuid = {AE1256A2-2EE5-4F2C-9C21-92EE516F624E}
	EndGlobalSection
EndGlobal
